// !$*UTF8*$!
{
	archiveVersion = 1;
	classes = {
	};
	objectVersion = 46;
	objects = {

/* Begin PBXBuildFile section */
		567409DD1B60DAEC00638FEF /* StoryboardManager.m in Sources */ = {isa = PBXBuildFile; fileRef = 567409DC1B60DAEC00638FEF /* StoryboardManager.m */; };
		567409DF1B60DC1C00638FEF /* Montserrat-Bold.ttf in Resources */ = {isa = PBXBuildFile; fileRef = 567409DE1B60DC1C00638FEF /* Montserrat-Bold.ttf */; };
		567409E11B60DC2100638FEF /* Montserrat-Regular.ttf in Resources */ = {isa = PBXBuildFile; fileRef = 567409E01B60DC2100638FEF /* Montserrat-Regular.ttf */; };
		569513871B5D1F42008A649B /* main.m in Sources */ = {isa = PBXBuildFile; fileRef = 569513861B5D1F42008A649B /* main.m */; };
		5695138A1B5D1F42008A649B /* AppDelegate.m in Sources */ = {isa = PBXBuildFile; fileRef = 569513891B5D1F42008A649B /* AppDelegate.m */; };
		569513901B5D1F42008A649B /* Main.storyboard in Resources */ = {isa = PBXBuildFile; fileRef = 5695138E1B5D1F42008A649B /* Main.storyboard */; };
		569513921B5D1F42008A649B /* Images.xcassets in Resources */ = {isa = PBXBuildFile; fileRef = 569513911B5D1F42008A649B /* Images.xcassets */; };
		569513A11B5D1F43008A649B /* SoundLoveTests.m in Sources */ = {isa = PBXBuildFile; fileRef = 569513A01B5D1F43008A649B /* SoundLoveTests.m */; };
		569513AE1B5D20B0008A649B /* FavoriteConcertViewController.m in Sources */ = {isa = PBXBuildFile; fileRef = 569513AD1B5D20B0008A649B /* FavoriteConcertViewController.m */; };
		56D395CD1B5F7DE3000DC427 /* OverlayViewController.m in Sources */ = {isa = PBXBuildFile; fileRef = 56D395CC1B5F7DE3000DC427 /* OverlayViewController.m */; };
		56D395D31B5F806B000DC427 /* RoundedButton.m in Sources */ = {isa = PBXBuildFile; fileRef = 56D395D21B5F806B000DC427 /* RoundedButton.m */; };
		56D395D71B5F8133000DC427 /* UIColor+GlobalColors.m in Sources */ = {isa = PBXBuildFile; fileRef = 56D395D61B5F8133000DC427 /* UIColor+GlobalColors.m */; };
		56D395DB1B5F8928000DC427 /* OverlayTransitionManager.m in Sources */ = {isa = PBXBuildFile; fileRef = 56D395DA1B5F8928000DC427 /* OverlayTransitionManager.m */; };
		56D395DE1B5F8988000DC427 /* OverlayTransitionAnimator.m in Sources */ = {isa = PBXBuildFile; fileRef = 56D395DD1B5F8988000DC427 /* OverlayTransitionAnimator.m */; };
		56D395E41B5F8C11000DC427 /* Reachability.m in Sources */ = {isa = PBXBuildFile; fileRef = 56D395E11B5F8C11000DC427 /* Reachability.m */; };
		56D395E51B5F8C11000DC427 /* UIImage+ImageEffects.m in Sources */ = {isa = PBXBuildFile; fileRef = 56D395E31B5F8C11000DC427 /* UIImage+ImageEffects.m */; };
/* End PBXBuildFile section */

/* Begin PBXContainerItemProxy section */
		5695139B1B5D1F43008A649B /* PBXContainerItemProxy */ = {
			isa = PBXContainerItemProxy;
			containerPortal = 569513791B5D1F42008A649B /* Project object */;
			proxyType = 1;
			remoteGlobalIDString = 569513801B5D1F42008A649B;
			remoteInfo = SoundLove;
		};
/* End PBXContainerItemProxy section */

/* Begin PBXFileReference section */
		567409DB1B60DAEC00638FEF /* StoryboardManager.h */ = {isa = PBXFileReference; fileEncoding = 4; lastKnownFileType = sourcecode.c.h; name = StoryboardManager.h; path = "custom objects/StoryboardManager.h"; sourceTree = "<group>"; };
		567409DC1B60DAEC00638FEF /* StoryboardManager.m */ = {isa = PBXFileReference; fileEncoding = 4; lastKnownFileType = sourcecode.c.objc; name = StoryboardManager.m; path = "custom objects/StoryboardManager.m"; sourceTree = "<group>"; };
		567409DE1B60DC1C00638FEF /* Montserrat-Bold.ttf */ = {isa = PBXFileReference; lastKnownFileType = file; path = "Montserrat-Bold.ttf"; sourceTree = "<group>"; };
		567409E01B60DC2100638FEF /* Montserrat-Regular.ttf */ = {isa = PBXFileReference; lastKnownFileType = file; path = "Montserrat-Regular.ttf"; sourceTree = "<group>"; };
		569513811B5D1F42008A649B /* SoundLove.app */ = {isa = PBXFileReference; explicitFileType = wrapper.application; includeInIndex = 0; path = SoundLove.app; sourceTree = BUILT_PRODUCTS_DIR; };
		569513851B5D1F42008A649B /* Info.plist */ = {isa = PBXFileReference; lastKnownFileType = text.plist.xml; path = Info.plist; sourceTree = "<group>"; };
		569513861B5D1F42008A649B /* main.m */ = {isa = PBXFileReference; lastKnownFileType = sourcecode.c.objc; path = main.m; sourceTree = "<group>"; };
		569513881B5D1F42008A649B /* AppDelegate.h */ = {isa = PBXFileReference; lastKnownFileType = sourcecode.c.h; path = AppDelegate.h; sourceTree = "<group>"; };
		569513891B5D1F42008A649B /* AppDelegate.m */ = {isa = PBXFileReference; lastKnownFileType = sourcecode.c.objc; path = AppDelegate.m; sourceTree = "<group>"; };
		5695138F1B5D1F42008A649B /* Base */ = {isa = PBXFileReference; lastKnownFileType = file.storyboard; name = Base; path = Base.lproj/Main.storyboard; sourceTree = "<group>"; };
		569513911B5D1F42008A649B /* Images.xcassets */ = {isa = PBXFileReference; lastKnownFileType = folder.assetcatalog; path = Images.xcassets; sourceTree = "<group>"; };
		5695139A1B5D1F43008A649B /* SoundLoveTests.xctest */ = {isa = PBXFileReference; explicitFileType = wrapper.cfbundle; includeInIndex = 0; path = SoundLoveTests.xctest; sourceTree = BUILT_PRODUCTS_DIR; };
		5695139F1B5D1F43008A649B /* Info.plist */ = {isa = PBXFileReference; lastKnownFileType = text.plist.xml; path = Info.plist; sourceTree = "<group>"; };
		569513A01B5D1F43008A649B /* SoundLoveTests.m */ = {isa = PBXFileReference; lastKnownFileType = sourcecode.c.objc; path = SoundLoveTests.m; sourceTree = "<group>"; };
		569513AC1B5D20B0008A649B /* FavoriteConcertViewController.h */ = {isa = PBXFileReference; fileEncoding = 4; lastKnownFileType = sourcecode.c.h; name = FavoriteConcertViewController.h; path = viewcontrollers/FavoriteConcertViewController.h; sourceTree = "<group>"; };
		569513AD1B5D20B0008A649B /* FavoriteConcertViewController.m */ = {isa = PBXFileReference; fileEncoding = 4; lastKnownFileType = sourcecode.c.objc; name = FavoriteConcertViewController.m; path = viewcontrollers/FavoriteConcertViewController.m; sourceTree = "<group>"; };
		56D395CB1B5F7DE3000DC427 /* OverlayViewController.h */ = {isa = PBXFileReference; fileEncoding = 4; lastKnownFileType = sourcecode.c.h; name = OverlayViewController.h; path = viewcontrollers/OverlayViewController.h; sourceTree = "<group>"; };
		56D395CC1B5F7DE3000DC427 /* OverlayViewController.m */ = {isa = PBXFileReference; fileEncoding = 4; lastKnownFileType = sourcecode.c.objc; name = OverlayViewController.m; path = viewcontrollers/OverlayViewController.m; sourceTree = "<group>"; };
		56D395D11B5F806B000DC427 /* RoundedButton.h */ = {isa = PBXFileReference; fileEncoding = 4; lastKnownFileType = sourcecode.c.h; path = RoundedButton.h; sourceTree = "<group>"; };
		56D395D21B5F806B000DC427 /* RoundedButton.m */ = {isa = PBXFileReference; fileEncoding = 4; lastKnownFileType = sourcecode.c.objc; path = RoundedButton.m; sourceTree = "<group>"; };
		56D395D51B5F8133000DC427 /* UIColor+GlobalColors.h */ = {isa = PBXFileReference; fileEncoding = 4; lastKnownFileType = sourcecode.c.h; path = "UIColor+GlobalColors.h"; sourceTree = "<group>"; };
		56D395D61B5F8133000DC427 /* UIColor+GlobalColors.m */ = {isa = PBXFileReference; fileEncoding = 4; lastKnownFileType = sourcecode.c.objc; path = "UIColor+GlobalColors.m"; sourceTree = "<group>"; };
		56D395D91B5F8928000DC427 /* OverlayTransitionManager.h */ = {isa = PBXFileReference; fileEncoding = 4; lastKnownFileType = sourcecode.c.h; path = OverlayTransitionManager.h; sourceTree = "<group>"; };
		56D395DA1B5F8928000DC427 /* OverlayTransitionManager.m */ = {isa = PBXFileReference; fileEncoding = 4; lastKnownFileType = sourcecode.c.objc; path = OverlayTransitionManager.m; sourceTree = "<group>"; };
		56D395DC1B5F8988000DC427 /* OverlayTransitionAnimator.h */ = {isa = PBXFileReference; fileEncoding = 4; lastKnownFileType = sourcecode.c.h; path = OverlayTransitionAnimator.h; sourceTree = "<group>"; };
		56D395DD1B5F8988000DC427 /* OverlayTransitionAnimator.m */ = {isa = PBXFileReference; fileEncoding = 4; lastKnownFileType = sourcecode.c.objc; path = OverlayTransitionAnimator.m; sourceTree = "<group>"; };
		56D395E01B5F8C11000DC427 /* Reachability.h */ = {isa = PBXFileReference; fileEncoding = 4; lastKnownFileType = sourcecode.c.h; path = Reachability.h; sourceTree = "<group>"; };
		56D395E11B5F8C11000DC427 /* Reachability.m */ = {isa = PBXFileReference; fileEncoding = 4; lastKnownFileType = sourcecode.c.objc; path = Reachability.m; sourceTree = "<group>"; };
		56D395E21B5F8C11000DC427 /* UIImage+ImageEffects.h */ = {isa = PBXFileReference; fileEncoding = 4; lastKnownFileType = sourcecode.c.h; path = "UIImage+ImageEffects.h"; sourceTree = "<group>"; };
		56D395E31B5F8C11000DC427 /* UIImage+ImageEffects.m */ = {isa = PBXFileReference; fileEncoding = 4; lastKnownFileType = sourcecode.c.objc; path = "UIImage+ImageEffects.m"; sourceTree = "<group>"; };
/* End PBXFileReference section */

/* Begin PBXFrameworksBuildPhase section */
		5695137E1B5D1F42008A649B /* Frameworks */ = {
			isa = PBXFrameworksBuildPhase;
			buildActionMask = 2147483647;
			files = (
			);
			runOnlyForDeploymentPostprocessing = 0;
		};
		569513971B5D1F43008A649B /* Frameworks */ = {
			isa = PBXFrameworksBuildPhase;
			buildActionMask = 2147483647;
			files = (
			);
			runOnlyForDeploymentPostprocessing = 0;
		};
/* End PBXFrameworksBuildPhase section */

/* Begin PBXGroup section */
		569513781B5D1F42008A649B = {
			isa = PBXGroup;
			children = (
				569513831B5D1F42008A649B /* SoundLove */,
				5695139D1B5D1F43008A649B /* SoundLoveTests */,
				569513821B5D1F42008A649B /* Products */,
			);
			sourceTree = "<group>";
		};
		569513821B5D1F42008A649B /* Products */ = {
			isa = PBXGroup;
			children = (
				569513811B5D1F42008A649B /* SoundLove.app */,
				5695139A1B5D1F43008A649B /* SoundLoveTests.xctest */,
			);
			name = Products;
			sourceTree = "<group>";
		};
		569513831B5D1F42008A649B /* SoundLove */ = {
			isa = PBXGroup;
			children = (
				569513881B5D1F42008A649B /* AppDelegate.h */,
				569513891B5D1F42008A649B /* AppDelegate.m */,
				56D395D41B5F8117000DC427 /* custom objects */,
				56D395D01B5F7FBF000DC427 /* Custom views */,
				569513AA1B5D2048008A649B /* viewControllers */,
				569513AB1B5D2057008A649B /* Storyboards */,
				569513841B5D1F42008A649B /* Supporting Files */,
			);
			path = SoundLove;
			sourceTree = "<group>";
		};
		569513841B5D1F42008A649B /* Supporting Files */ = {
			isa = PBXGroup;
			children = (
				56D395DF1B5F8C00000DC427 /* Third party */,
				569513911B5D1F42008A649B /* Images.xcassets */,
				567409DE1B60DC1C00638FEF /* Montserrat-Bold.ttf */,
				567409E01B60DC2100638FEF /* Montserrat-Regular.ttf */,
				569513851B5D1F42008A649B /* Info.plist */,
				569513861B5D1F42008A649B /* main.m */,
			);
			name = "Supporting Files";
			sourceTree = "<group>";
		};
		5695139D1B5D1F43008A649B /* SoundLoveTests */ = {
			isa = PBXGroup;
			children = (
				569513A01B5D1F43008A649B /* SoundLoveTests.m */,
				5695139E1B5D1F43008A649B /* Supporting Files */,
			);
			path = SoundLoveTests;
			sourceTree = "<group>";
		};
		5695139E1B5D1F43008A649B /* Supporting Files */ = {
			isa = PBXGroup;
			children = (
				5695139F1B5D1F43008A649B /* Info.plist */,
			);
			name = "Supporting Files";
			sourceTree = "<group>";
		};
		569513AA1B5D2048008A649B /* viewControllers */ = {
			isa = PBXGroup;
			children = (
				569513AC1B5D20B0008A649B /* FavoriteConcertViewController.h */,
				569513AD1B5D20B0008A649B /* FavoriteConcertViewController.m */,
				56D395CB1B5F7DE3000DC427 /* OverlayViewController.h */,
				56D395CC1B5F7DE3000DC427 /* OverlayViewController.m */,
			);
			name = viewControllers;
			sourceTree = "<group>";
		};
		569513AB1B5D2057008A649B /* Storyboards */ = {
			isa = PBXGroup;
			children = (
				5695138E1B5D1F42008A649B /* Main.storyboard */,
				567409DB1B60DAEC00638FEF /* StoryboardManager.h */,
				567409DC1B60DAEC00638FEF /* StoryboardManager.m */,
			);
			name = Storyboards;
			sourceTree = "<group>";
		};
		56D395D01B5F7FBF000DC427 /* Custom views */ = {
			isa = PBXGroup;
			children = (
				56D395D11B5F806B000DC427 /* RoundedButton.h */,
				56D395D21B5F806B000DC427 /* RoundedButton.m */,
			);
			name = "Custom views";
			path = "custom views";
			sourceTree = "<group>";
		};
		56D395D41B5F8117000DC427 /* custom objects */ = {
			isa = PBXGroup;
			children = (
				56D395D81B5F88DF000DC427 /* transitionManagers */,
				56D395D51B5F8133000DC427 /* UIColor+GlobalColors.h */,
				56D395D61B5F8133000DC427 /* UIColor+GlobalColors.m */,
			);
			path = "custom objects";
			sourceTree = "<group>";
		};
		56D395D81B5F88DF000DC427 /* transitionManagers */ = {
			isa = PBXGroup;
			children = (
				56D395D91B5F8928000DC427 /* OverlayTransitionManager.h */,
				56D395DA1B5F8928000DC427 /* OverlayTransitionManager.m */,
				56D395DC1B5F8988000DC427 /* OverlayTransitionAnimator.h */,
				56D395DD1B5F8988000DC427 /* OverlayTransitionAnimator.m */,
			);
			name = transitionManagers;
			sourceTree = "<group>";
		};
		56D395DF1B5F8C00000DC427 /* Third party */ = {
			isa = PBXGroup;
			children = (
				56D395E01B5F8C11000DC427 /* Reachability.h */,
				56D395E11B5F8C11000DC427 /* Reachability.m */,
				56D395E21B5F8C11000DC427 /* UIImage+ImageEffects.h */,
				56D395E31B5F8C11000DC427 /* UIImage+ImageEffects.m */,
			);
			name = "Third party";
			sourceTree = "<group>";
		};
/* End PBXGroup section */

/* Begin PBXNativeTarget section */
		569513801B5D1F42008A649B /* SoundLove */ = {
			isa = PBXNativeTarget;
			buildConfigurationList = 569513A41B5D1F43008A649B /* Build configuration list for PBXNativeTarget "SoundLove" */;
			buildPhases = (
				5695137D1B5D1F42008A649B /* Sources */,
				5695137E1B5D1F42008A649B /* Frameworks */,
				5695137F1B5D1F42008A649B /* Resources */,
			);
			buildRules = (
			);
			dependencies = (
			);
			name = SoundLove;
			productName = SoundLove;
			productReference = 569513811B5D1F42008A649B /* SoundLove.app */;
			productType = "com.apple.product-type.application";
		};
		569513991B5D1F43008A649B /* SoundLoveTests */ = {
			isa = PBXNativeTarget;
			buildConfigurationList = 569513A71B5D1F43008A649B /* Build configuration list for PBXNativeTarget "SoundLoveTests" */;
			buildPhases = (
				569513961B5D1F43008A649B /* Sources */,
				569513971B5D1F43008A649B /* Frameworks */,
				569513981B5D1F43008A649B /* Resources */,
			);
			buildRules = (
			);
			dependencies = (
				5695139C1B5D1F43008A649B /* PBXTargetDependency */,
			);
			name = SoundLoveTests;
			productName = SoundLoveTests;
			productReference = 5695139A1B5D1F43008A649B /* SoundLoveTests.xctest */;
			productType = "com.apple.product-type.bundle.unit-test";
		};
/* End PBXNativeTarget section */

/* Begin PBXProject section */
		569513791B5D1F42008A649B /* Project object */ = {
			isa = PBXProject;
			attributes = {
				LastUpgradeCheck = 0640;
				ORGANIZATIONNAME = Zappdesigntemplates;
				TargetAttributes = {
					569513801B5D1F42008A649B = {
						CreatedOnToolsVersion = 6.4;
					};
					569513991B5D1F43008A649B = {
						CreatedOnToolsVersion = 6.4;
						TestTargetID = 569513801B5D1F42008A649B;
					};
				};
			};
			buildConfigurationList = 5695137C1B5D1F42008A649B /* Build configuration list for PBXProject "SoundLove" */;
			compatibilityVersion = "Xcode 3.2";
			developmentRegion = English;
			hasScannedForEncodings = 0;
			knownRegions = (
				en,
				Base,
			);
			mainGroup = 569513781B5D1F42008A649B;
			productRefGroup = 569513821B5D1F42008A649B /* Products */;
			projectDirPath = "";
			projectRoot = "";
			targets = (
				569513801B5D1F42008A649B /* SoundLove */,
				569513991B5D1F43008A649B /* SoundLoveTests */,
			);
		};
/* End PBXProject section */

/* Begin PBXResourcesBuildPhase section */
		5695137F1B5D1F42008A649B /* Resources */ = {
			isa = PBXResourcesBuildPhase;
			buildActionMask = 2147483647;
			files = (
				567409E11B60DC2100638FEF /* Montserrat-Regular.ttf in Resources */,
				569513901B5D1F42008A649B /* Main.storyboard in Resources */,
				569513921B5D1F42008A649B /* Images.xcassets in Resources */,
				567409DF1B60DC1C00638FEF /* Montserrat-Bold.ttf in Resources */,
			);
			runOnlyForDeploymentPostprocessing = 0;
		};
		569513981B5D1F43008A649B /* Resources */ = {
			isa = PBXResourcesBuildPhase;
			buildActionMask = 2147483647;
			files = (
			);
			runOnlyForDeploymentPostprocessing = 0;
		};
/* End PBXResourcesBuildPhase section */

/* Begin PBXSourcesBuildPhase section */
		5695137D1B5D1F42008A649B /* Sources */ = {
			isa = PBXSourcesBuildPhase;
			buildActionMask = 2147483647;
			files = (
				5695138A1B5D1F42008A649B /* AppDelegate.m in Sources */,
				567409DD1B60DAEC00638FEF /* StoryboardManager.m in Sources */,
				56D395DB1B5F8928000DC427 /* OverlayTransitionManager.m in Sources */,
				569513AE1B5D20B0008A649B /* FavoriteConcertViewController.m in Sources */,
				56D395D71B5F8133000DC427 /* UIColor+GlobalColors.m in Sources */,
				56D395D31B5F806B000DC427 /* RoundedButton.m in Sources */,
				569513871B5D1F42008A649B /* main.m in Sources */,
				56D395E51B5F8C11000DC427 /* UIImage+ImageEffects.m in Sources */,
				56D395DE1B5F8988000DC427 /* OverlayTransitionAnimator.m in Sources */,
				56D395E41B5F8C11000DC427 /* Reachability.m in Sources */,
				56D395CD1B5F7DE3000DC427 /* OverlayViewController.m in Sources */,
			);
			runOnlyForDeploymentPostprocessing = 0;
		};
		569513961B5D1F43008A649B /* Sources */ = {
			isa = PBXSourcesBuildPhase;
			buildActionMask = 2147483647;
			files = (
				569513A11B5D1F43008A649B /* SoundLoveTests.m in Sources */,
			);
			runOnlyForDeploymentPostprocessing = 0;
		};
/* End PBXSourcesBuildPhase section */

/* Begin PBXTargetDependency section */
		5695139C1B5D1F43008A649B /* PBXTargetDependency */ = {
			isa = PBXTargetDependency;
			target = 569513801B5D1F42008A649B /* SoundLove */;
			targetProxy = 5695139B1B5D1F43008A649B /* PBXContainerItemProxy */;
		};
/* End PBXTargetDependency section */

/* Begin PBXVariantGroup section */
		5695138E1B5D1F42008A649B /* Main.storyboard */ = {
			isa = PBXVariantGroup;
			children = (
				5695138F1B5D1F42008A649B /* Base */,
			);
			name = Main.storyboard;
			sourceTree = "<group>";
		};
/* End PBXVariantGroup section */

/* Begin XCBuildConfiguration section */
		569513A21B5D1F43008A649B /* Debug */ = {
			isa = XCBuildConfiguration;
			buildSettings = {
				ALWAYS_SEARCH_USER_PATHS = NO;
				CLANG_CXX_LANGUAGE_STANDARD = "gnu++0x";
				CLANG_CXX_LIBRARY = "libc++";
				CLANG_ENABLE_MODULES = YES;
				CLANG_ENABLE_OBJC_ARC = YES;
				CLANG_WARN_BOOL_CONVERSION = YES;
				CLANG_WARN_CONSTANT_CONVERSION = YES;
				CLANG_WARN_DIRECT_OBJC_ISA_USAGE = YES_ERROR;
				CLANG_WARN_EMPTY_BODY = YES;
				CLANG_WARN_ENUM_CONVERSION = YES;
				CLANG_WARN_INT_CONVERSION = YES;
				CLANG_WARN_OBJC_ROOT_CLASS = YES_ERROR;
				CLANG_WARN_UNREACHABLE_CODE = YES;
				CLANG_WARN__DUPLICATE_METHOD_MATCH = YES;
				"CODE_SIGN_IDENTITY[sdk=iphoneos*]" = "iPhone Developer";
				COPY_PHASE_STRIP = NO;
				DEBUG_INFORMATION_FORMAT = "dwarf-with-dsym";
				ENABLE_STRICT_OBJC_MSGSEND = YES;
				GCC_C_LANGUAGE_STANDARD = gnu99;
				GCC_DYNAMIC_NO_PIC = NO;
				GCC_NO_COMMON_BLOCKS = YES;
				GCC_OPTIMIZATION_LEVEL = 0;
				GCC_PREPROCESSOR_DEFINITIONS = (
					"DEBUG=1",
					"$(inherited)",
				);
				GCC_SYMBOLS_PRIVATE_EXTERN = NO;
				GCC_WARN_64_TO_32_BIT_CONVERSION = YES;
				GCC_WARN_ABOUT_RETURN_TYPE = YES_ERROR;
				GCC_WARN_UNDECLARED_SELECTOR = YES;
				GCC_WARN_UNINITIALIZED_AUTOS = YES_AGGRESSIVE;
				GCC_WARN_UNUSED_FUNCTION = YES;
				GCC_WARN_UNUSED_VARIABLE = YES;
				IPHONEOS_DEPLOYMENT_TARGET = 7.0;
				MTL_ENABLE_DEBUG_INFO = YES;
				ONLY_ACTIVE_ARCH = YES;
				SDKROOT = iphoneos;
			};
			name = Debug;
		};
		569513A31B5D1F43008A649B /* Release */ = {
			isa = XCBuildConfiguration;
			buildSettings = {
				ALWAYS_SEARCH_USER_PATHS = NO;
				CLANG_CXX_LANGUAGE_STANDARD = "gnu++0x";
				CLANG_CXX_LIBRARY = "libc++";
				CLANG_ENABLE_MODULES = YES;
				CLANG_ENABLE_OBJC_ARC = YES;
				CLANG_WARN_BOOL_CONVERSION = YES;
				CLANG_WARN_CONSTANT_CONVERSION = YES;
				CLANG_WARN_DIRECT_OBJC_ISA_USAGE = YES_ERROR;
				CLANG_WARN_EMPTY_BODY = YES;
				CLANG_WARN_ENUM_CONVERSION = YES;
				CLANG_WARN_INT_CONVERSION = YES;
				CLANG_WARN_OBJC_ROOT_CLASS = YES_ERROR;
				CLANG_WARN_UNREACHABLE_CODE = YES;
				CLANG_WARN__DUPLICATE_METHOD_MATCH = YES;
				"CODE_SIGN_IDENTITY[sdk=iphoneos*]" = "iPhone Developer";
				COPY_PHASE_STRIP = NO;
				DEBUG_INFORMATION_FORMAT = "dwarf-with-dsym";
				ENABLE_NS_ASSERTIONS = NO;
				ENABLE_STRICT_OBJC_MSGSEND = YES;
				GCC_C_LANGUAGE_STANDARD = gnu99;
				GCC_NO_COMMON_BLOCKS = YES;
				GCC_WARN_64_TO_32_BIT_CONVERSION = YES;
				GCC_WARN_ABOUT_RETURN_TYPE = YES_ERROR;
				GCC_WARN_UNDECLARED_SELECTOR = YES;
				GCC_WARN_UNINITIALIZED_AUTOS = YES_AGGRESSIVE;
				GCC_WARN_UNUSED_FUNCTION = YES;
				GCC_WARN_UNUSED_VARIABLE = YES;
				IPHONEOS_DEPLOYMENT_TARGET = 7.0;
				MTL_ENABLE_DEBUG_INFO = NO;
				SDKROOT = iphoneos;
				VALIDATE_PRODUCT = YES;
			};
			name = Release;
		};
		569513A51B5D1F43008A649B /* Debug */ = {
			isa = XCBuildConfiguration;
			buildSettings = {
				ASSETCATALOG_COMPILER_APPICON_NAME = AppIcon;
				ASSETCATALOG_COMPILER_LAUNCHIMAGE_NAME = LaunchImage;
				INFOPLIST_FILE = SoundLove/Info.plist;
				IPHONEOS_DEPLOYMENT_TARGET = 7.0;
				LD_RUNPATH_SEARCH_PATHS = "$(inherited) @executable_path/Frameworks";
				PRODUCT_NAME = "$(TARGET_NAME)";
			};
			name = Debug;
		};
		569513A61B5D1F43008A649B /* Release */ = {
			isa = XCBuildConfiguration;
			buildSettings = {
				ASSETCATALOG_COMPILER_APPICON_NAME = AppIcon;
				ASSETCATALOG_COMPILER_LAUNCHIMAGE_NAME = LaunchImage;
				INFOPLIST_FILE = SoundLove/Info.plist;
				IPHONEOS_DEPLOYMENT_TARGET = 7.0;
				LD_RUNPATH_SEARCH_PATHS = "$(inherited) @executable_path/Frameworks";
				PRODUCT_NAME = "$(TARGET_NAME)";
			};
			name = Release;
		};
		569513A81B5D1F43008A649B /* Debug */ = {
			isa = XCBuildConfiguration;
			buildSettings = {
				BUNDLE_LOADER = "$(TEST_HOST)";
				FRAMEWORK_SEARCH_PATHS = (
					"$(SDKROOT)/Developer/Library/Frameworks",
					"$(inherited)",
				);
				GCC_PREPROCESSOR_DEFINITIONS = (
					"DEBUG=1",
					"$(inherited)",
				);
				INFOPLIST_FILE = SoundLoveTests/Info.plist;
				LD_RUNPATH_SEARCH_PATHS = "$(inherited) @executable_path/Frameworks @loader_path/Frameworks";
				PRODUCT_NAME = "$(TARGET_NAME)";
				TEST_HOST = "$(BUILT_PRODUCTS_DIR)/SoundLove.app/SoundLove";
			};
			name = Debug;
		};
		569513A91B5D1F43008A649B /* Release */ = {
			isa = XCBuildConfiguration;
			buildSettings = {
				BUNDLE_LOADER = "$(TEST_HOST)";
				FRAMEWORK_SEARCH_PATHS = (
					"$(SDKROOT)/Developer/Library/Frameworks",
					"$(inherited)",
				);
				INFOPLIST_FILE = SoundLoveTests/Info.plist;
				LD_RUNPATH_SEARCH_PATHS = "$(inherited) @executable_path/Frameworks @loader_path/Frameworks";
				PRODUCT_NAME = "$(TARGET_NAME)";
				TEST_HOST = "$(BUILT_PRODUCTS_DIR)/SoundLove.app/SoundLove";
			};
			name = Release;
		};
/* End XCBuildConfiguration section */

/* Begin XCConfigurationList section */
		5695137C1B5D1F42008A649B /* Build configuration list for PBXProject "SoundLove" */ = {
			isa = XCConfigurationList;
			buildConfigurations = (
				569513A21B5D1F43008A649B /* Debug */,
				569513A31B5D1F43008A649B /* Release */,
			);
			defaultConfigurationIsVisible = 0;
			defaultConfigurationName = Release;
		};
		569513A41B5D1F43008A649B /* Build configuration list for PBXNativeTarget "SoundLove" */ = {
			isa = XCConfigurationList;
			buildConfigurations = (
				569513A51B5D1F43008A649B /* Debug */,
				569513A61B5D1F43008A649B /* Release */,
			);
			defaultConfigurationIsVisible = 0;
			defaultConfigurationName = Release;
		};
		569513A71B5D1F43008A649B /* Build configuration list for PBXNativeTarget "SoundLoveTests" */ = {
			isa = XCConfigurationList;
			buildConfigurations = (
				569513A81B5D1F43008A649B /* Debug */,
				569513A91B5D1F43008A649B /* Release */,
			);
			defaultConfigurationIsVisible = 0;
			defaultConfigurationName = Release;
		};
/* End XCConfigurationList section */
	};
	rootObject = 569513791B5D1F42008A649B /* Project object */;
}
