// !$*UTF8*$!
{
	archiveVersion = 1;
	classes = {
	};
	objectVersion = 46;
	objects = {

/* Begin PBXBuildFile section */
		5658BA941B63F757004F08BB /* SearchNavigationView.m in Sources */ = {isa = PBXBuildFile; fileRef = 5658BA921B63F757004F08BB /* SearchNavigationView.m */; };
		5658BA951B63F757004F08BB /* SearchNavigationView.xib in Resources */ = {isa = PBXBuildFile; fileRef = 5658BA931B63F757004F08BB /* SearchNavigationView.xib */; };
		5658BA991B63FA35004F08BB /* CustomNavigationView.m in Sources */ = {isa = PBXBuildFile; fileRef = 5658BA981B63FA35004F08BB /* CustomNavigationView.m */; };
		5658BA9C1B63FE72004F08BB /* TabbingButton.m in Sources */ = {isa = PBXBuildFile; fileRef = 5658BA9B1B63FE72004F08BB /* TabbingButton.m */; };
		5658BAA01B64062C004F08BB /* ConcertsTableViewCell.m in Sources */ = {isa = PBXBuildFile; fileRef = 5658BA9F1B64062C004F08BB /* ConcertsTableViewCell.m */; };
		5658BAA31B640862004F08BB /* CalendarButton.m in Sources */ = {isa = PBXBuildFile; fileRef = 5658BAA21B640862004F08BB /* CalendarButton.m */; };
		5658BAA81B640D77004F08BB /* AbstractClient.m in Sources */ = {isa = PBXBuildFile; fileRef = 5658BAA71B640D77004F08BB /* AbstractClient.m */; };
		567409DD1B60DAEC00638FEF /* StoryboardManager.m in Sources */ = {isa = PBXBuildFile; fileRef = 567409DC1B60DAEC00638FEF /* StoryboardManager.m */; };
		567409DF1B60DC1C00638FEF /* Montserrat-Bold.ttf in Resources */ = {isa = PBXBuildFile; fileRef = 567409DE1B60DC1C00638FEF /* Montserrat-Bold.ttf */; };
		567409E11B60DC2100638FEF /* Montserrat-Regular.ttf in Resources */ = {isa = PBXBuildFile; fileRef = 567409E01B60DC2100638FEF /* Montserrat-Regular.ttf */; };
		567409EB1B60DD3900638FEF /* FavoriteConcertViewController.m in Sources */ = {isa = PBXBuildFile; fileRef = 567409E61B60DD3900638FEF /* FavoriteConcertViewController.m */; };
		567409EC1B60DD3900638FEF /* MenuViewController.m in Sources */ = {isa = PBXBuildFile; fileRef = 567409E81B60DD3900638FEF /* MenuViewController.m */; };
		567409ED1B60DD3900638FEF /* OverlayViewController.m in Sources */ = {isa = PBXBuildFile; fileRef = 567409EA1B60DD3900638FEF /* OverlayViewController.m */; };
		567409F01B60DD5A00638FEF /* MenuButton.m in Sources */ = {isa = PBXBuildFile; fileRef = 567409EF1B60DD5A00638FEF /* MenuButton.m */; };
		567409F31B60EB5700638FEF /* BadgeCounterView.m in Sources */ = {isa = PBXBuildFile; fileRef = 567409F21B60EB5700638FEF /* BadgeCounterView.m */; };
		567409F71B60EC4400638FEF /* Montserrat-Black.otf in Resources */ = {isa = PBXBuildFile; fileRef = 567409F41B60EC4400638FEF /* Montserrat-Black.otf */; };
		567409F81B60EC4400638FEF /* Montserrat-Hairline.otf in Resources */ = {isa = PBXBuildFile; fileRef = 567409F51B60EC4400638FEF /* Montserrat-Hairline.otf */; };
		567409F91B60EC4400638FEF /* Montserrat-Light.otf in Resources */ = {isa = PBXBuildFile; fileRef = 567409F61B60EC4400638FEF /* Montserrat-Light.otf */; };
		567409FE1B60ED4700638FEF /* InfoViewController.m in Sources */ = {isa = PBXBuildFile; fileRef = 567409FB1B60ED4700638FEF /* InfoViewController.m */; };
		567409FF1B60ED4700638FEF /* WhatWeDoViewController.m in Sources */ = {isa = PBXBuildFile; fileRef = 567409FD1B60ED4700638FEF /* WhatWeDoViewController.m */; };
		56740A031B60ED8B00638FEF /* BaseGradientViewController.m in Sources */ = {isa = PBXBuildFile; fileRef = 56740A021B60ED8B00638FEF /* BaseGradientViewController.m */; };
		56740A061B60EE0900638FEF /* BaseTableViewCell.m in Sources */ = {isa = PBXBuildFile; fileRef = 56740A051B60EE0900638FEF /* BaseTableViewCell.m */; };
		56740A091B60EE2700638FEF /* GeneralSettings.m in Sources */ = {isa = PBXBuildFile; fileRef = 56740A081B60EE2700638FEF /* GeneralSettings.m */; };
		56740A0B1B60EE3900638FEF /* StoreKit.framework in Frameworks */ = {isa = PBXBuildFile; fileRef = 56740A0A1B60EE3900638FEF /* StoreKit.framework */; };
		56740A0E1B60EE4200638FEF /* CoreData.framework in Frameworks */ = {isa = PBXBuildFile; fileRef = 56740A0C1B60EE4200638FEF /* CoreData.framework */; };
		56740A0F1B60EE4200638FEF /* CoreLocation.framework in Frameworks */ = {isa = PBXBuildFile; fileRef = 56740A0D1B60EE4200638FEF /* CoreLocation.framework */; };
		56740A131B60EFEA00638FEF /* MenuTransitionManager.m in Sources */ = {isa = PBXBuildFile; fileRef = 56740A121B60EFEA00638FEF /* MenuTransitionManager.m */; };
		56740A171B60F07B00638FEF /* CoreDataHandler.m in Sources */ = {isa = PBXBuildFile; fileRef = 56740A161B60F07B00638FEF /* CoreDataHandler.m */; };
		56740A1A1B60F0CA00638FEF /* ConcertsViewController.m in Sources */ = {isa = PBXBuildFile; fileRef = 56740A191B60F0CA00638FEF /* ConcertsViewController.m */; };
		56740A1D1B60F12700638FEF /* MainContainerViewController.m in Sources */ = {isa = PBXBuildFile; fileRef = 56740A1C1B60F12700638FEF /* MainContainerViewController.m */; };
		56740A221B60F17C00638FEF /* FestivalTransitionManager.m in Sources */ = {isa = PBXBuildFile; fileRef = 56740A1F1B60F17C00638FEF /* FestivalTransitionManager.m */; };
		56740A231B60F17C00638FEF /* FestivalTransitionAnimator.m in Sources */ = {isa = PBXBuildFile; fileRef = 56740A211B60F17C00638FEF /* FestivalTransitionAnimator.m */; };
		56740A261B61230500638FEF /* ProfilViewController.m in Sources */ = {isa = PBXBuildFile; fileRef = 56740A251B61230500638FEF /* ProfilViewController.m */; };
		56740A291B61232900638FEF /* BandsViewController.m in Sources */ = {isa = PBXBuildFile; fileRef = 56740A281B61232900638FEF /* BandsViewController.m */; };
		56740A2C1B61234800638FEF /* CalendarViewController.m in Sources */ = {isa = PBXBuildFile; fileRef = 56740A2B1B61234800638FEF /* CalendarViewController.m */; };
		5684B1BE1B6612C5009EF346 /* LoadingTableView.m in Sources */ = {isa = PBXBuildFile; fileRef = 5684B1BD1B6612C5009EF346 /* LoadingTableView.m */; };
		5684B1C21B6612D8009EF346 /* SearchEmptyView.m in Sources */ = {isa = PBXBuildFile; fileRef = 5684B1C01B6612D8009EF346 /* SearchEmptyView.m */; };
		5684B1C31B6612D8009EF346 /* SearchEmptyView.xib in Resources */ = {isa = PBXBuildFile; fileRef = 5684B1C11B6612D8009EF346 /* SearchEmptyView.xib */; };
		5684B1C61B6619BD009EF346 /* TicketShopDetailViewController.m in Sources */ = {isa = PBXBuildFile; fileRef = 5684B1C51B6619BD009EF346 /* TicketShopDetailViewController.m */; };
		5684B1C91B6619EC009EF346 /* TicketShopTableViewCell.m in Sources */ = {isa = PBXBuildFile; fileRef = 5684B1C81B6619EC009EF346 /* TicketShopTableViewCell.m */; };
		5684B1CC1B661B0E009EF346 /* UITextField+Helper.m in Sources */ = {isa = PBXBuildFile; fileRef = 5684B1CB1B661B0E009EF346 /* UITextField+Helper.m */; };
		5684B1CF1B661DB3009EF346 /* TicketShopperClient.m in Sources */ = {isa = PBXBuildFile; fileRef = 5684B1CE1B661DB3009EF346 /* TicketShopperClient.m */; };
		5684B1D21B661DCB009EF346 /* ConcertModel.m in Sources */ = {isa = PBXBuildFile; fileRef = 5684B1D11B661DCB009EF346 /* ConcertModel.m */; };
		5684B1D51B662135009EF346 /* ConcertRefreshControl.m in Sources */ = {isa = PBXBuildFile; fileRef = 5684B1D41B662135009EF346 /* ConcertRefreshControl.m */; };
		5684B1D91B66220F009EF346 /* TutorialPopupView.m in Sources */ = {isa = PBXBuildFile; fileRef = 5684B1D71B66220F009EF346 /* TutorialPopupView.m */; };
		5684B1DA1B66220F009EF346 /* TutorialPopupView.xib in Resources */ = {isa = PBXBuildFile; fileRef = 5684B1D81B66220F009EF346 /* TutorialPopupView.xib */; };
		5684B1DD1B6649E7009EF346 /* NSDictionary+nonNullObjectForKey.m in Sources */ = {isa = PBXBuildFile; fileRef = 5684B1DC1B6649E7009EF346 /* NSDictionary+nonNullObjectForKey.m */; };
		5684B1E01B664B7C009EF346 /* ConcertDownloadClient.m in Sources */ = {isa = PBXBuildFile; fileRef = 5684B1DF1B664B7C009EF346 /* ConcertDownloadClient.m */; };
		569513871B5D1F42008A649B /* main.m in Sources */ = {isa = PBXBuildFile; fileRef = 569513861B5D1F42008A649B /* main.m */; };
		5695138A1B5D1F42008A649B /* AppDelegate.m in Sources */ = {isa = PBXBuildFile; fileRef = 569513891B5D1F42008A649B /* AppDelegate.m */; };
		569513901B5D1F42008A649B /* Main.storyboard in Resources */ = {isa = PBXBuildFile; fileRef = 5695138E1B5D1F42008A649B /* Main.storyboard */; };
		569513921B5D1F42008A649B /* Images.xcassets in Resources */ = {isa = PBXBuildFile; fileRef = 569513911B5D1F42008A649B /* Images.xcassets */; };
		569513A11B5D1F43008A649B /* SoundLoveTests.m in Sources */ = {isa = PBXBuildFile; fileRef = 569513A01B5D1F43008A649B /* SoundLoveTests.m */; };
		56D395D31B5F806B000DC427 /* RoundedButton.m in Sources */ = {isa = PBXBuildFile; fileRef = 56D395D21B5F806B000DC427 /* RoundedButton.m */; };
		56D395D71B5F8133000DC427 /* UIColor+GlobalColors.m in Sources */ = {isa = PBXBuildFile; fileRef = 56D395D61B5F8133000DC427 /* UIColor+GlobalColors.m */; };
		56D395DB1B5F8928000DC427 /* OverlayTransitionManager.m in Sources */ = {isa = PBXBuildFile; fileRef = 56D395DA1B5F8928000DC427 /* OverlayTransitionManager.m */; };
		56D395DE1B5F8988000DC427 /* OverlayTransitionAnimator.m in Sources */ = {isa = PBXBuildFile; fileRef = 56D395DD1B5F8988000DC427 /* OverlayTransitionAnimator.m */; };
		56D395E41B5F8C11000DC427 /* Reachability.m in Sources */ = {isa = PBXBuildFile; fileRef = 56D395E11B5F8C11000DC427 /* Reachability.m */; };
		56D395E51B5F8C11000DC427 /* UIImage+ImageEffects.m in Sources */ = {isa = PBXBuildFile; fileRef = 56D395E31B5F8C11000DC427 /* UIImage+ImageEffects.m */; };
/* End PBXBuildFile section */

/* Begin PBXContainerItemProxy section */
		5695139B1B5D1F43008A649B /* PBXContainerItemProxy */ = {
			isa = PBXContainerItemProxy;
			containerPortal = 569513791B5D1F42008A649B /* Project object */;
			proxyType = 1;
			remoteGlobalIDString = 569513801B5D1F42008A649B;
			remoteInfo = SoundLove;
		};
/* End PBXContainerItemProxy section */

/* Begin PBXFileReference section */
		5658BA911B63F757004F08BB /* SearchNavigationView.h */ = {isa = PBXFileReference; fileEncoding = 4; lastKnownFileType = sourcecode.c.h; path = SearchNavigationView.h; sourceTree = "<group>"; };
		5658BA921B63F757004F08BB /* SearchNavigationView.m */ = {isa = PBXFileReference; fileEncoding = 4; lastKnownFileType = sourcecode.c.objc; path = SearchNavigationView.m; sourceTree = "<group>"; };
		5658BA931B63F757004F08BB /* SearchNavigationView.xib */ = {isa = PBXFileReference; fileEncoding = 4; lastKnownFileType = file.xib; path = SearchNavigationView.xib; sourceTree = "<group>"; };
		5658BA971B63FA35004F08BB /* CustomNavigationView.h */ = {isa = PBXFileReference; fileEncoding = 4; lastKnownFileType = sourcecode.c.h; path = CustomNavigationView.h; sourceTree = "<group>"; };
		5658BA981B63FA35004F08BB /* CustomNavigationView.m */ = {isa = PBXFileReference; fileEncoding = 4; lastKnownFileType = sourcecode.c.objc; path = CustomNavigationView.m; sourceTree = "<group>"; };
		5658BA9A1B63FE72004F08BB /* TabbingButton.h */ = {isa = PBXFileReference; fileEncoding = 4; lastKnownFileType = sourcecode.c.h; path = TabbingButton.h; sourceTree = "<group>"; };
		5658BA9B1B63FE72004F08BB /* TabbingButton.m */ = {isa = PBXFileReference; fileEncoding = 4; lastKnownFileType = sourcecode.c.objc; path = TabbingButton.m; sourceTree = "<group>"; };
		5658BA9E1B64062C004F08BB /* ConcertsTableViewCell.h */ = {isa = PBXFileReference; fileEncoding = 4; lastKnownFileType = sourcecode.c.h; path = ConcertsTableViewCell.h; sourceTree = "<group>"; };
		5658BA9F1B64062C004F08BB /* ConcertsTableViewCell.m */ = {isa = PBXFileReference; fileEncoding = 4; lastKnownFileType = sourcecode.c.objc; path = ConcertsTableViewCell.m; sourceTree = "<group>"; };
		5658BAA11B640862004F08BB /* CalendarButton.h */ = {isa = PBXFileReference; fileEncoding = 4; lastKnownFileType = sourcecode.c.h; path = CalendarButton.h; sourceTree = "<group>"; };
		5658BAA21B640862004F08BB /* CalendarButton.m */ = {isa = PBXFileReference; fileEncoding = 4; lastKnownFileType = sourcecode.c.objc; path = CalendarButton.m; sourceTree = "<group>"; };
		5658BAA51B640D6F004F08BB /* NetworkConstants.h */ = {isa = PBXFileReference; fileEncoding = 4; lastKnownFileType = sourcecode.c.h; path = NetworkConstants.h; sourceTree = "<group>"; };
		5658BAA61B640D77004F08BB /* AbstractClient.h */ = {isa = PBXFileReference; fileEncoding = 4; lastKnownFileType = sourcecode.c.h; path = AbstractClient.h; sourceTree = "<group>"; };
		5658BAA71B640D77004F08BB /* AbstractClient.m */ = {isa = PBXFileReference; fileEncoding = 4; lastKnownFileType = sourcecode.c.objc; path = AbstractClient.m; sourceTree = "<group>"; };
		567409DB1B60DAEC00638FEF /* StoryboardManager.h */ = {isa = PBXFileReference; fileEncoding = 4; lastKnownFileType = sourcecode.c.h; name = StoryboardManager.h; path = "custom objects/StoryboardManager.h"; sourceTree = "<group>"; };
		567409DC1B60DAEC00638FEF /* StoryboardManager.m */ = {isa = PBXFileReference; fileEncoding = 4; lastKnownFileType = sourcecode.c.objc; name = StoryboardManager.m; path = "custom objects/StoryboardManager.m"; sourceTree = "<group>"; };
		567409DE1B60DC1C00638FEF /* Montserrat-Bold.ttf */ = {isa = PBXFileReference; lastKnownFileType = file; path = "Montserrat-Bold.ttf"; sourceTree = "<group>"; };
		567409E01B60DC2100638FEF /* Montserrat-Regular.ttf */ = {isa = PBXFileReference; lastKnownFileType = file; path = "Montserrat-Regular.ttf"; sourceTree = "<group>"; };
		567409E51B60DD3900638FEF /* FavoriteConcertViewController.h */ = {isa = PBXFileReference; fileEncoding = 4; lastKnownFileType = sourcecode.c.h; path = FavoriteConcertViewController.h; sourceTree = "<group>"; };
		567409E61B60DD3900638FEF /* FavoriteConcertViewController.m */ = {isa = PBXFileReference; fileEncoding = 4; lastKnownFileType = sourcecode.c.objc; path = FavoriteConcertViewController.m; sourceTree = "<group>"; };
		567409E71B60DD3900638FEF /* MenuViewController.h */ = {isa = PBXFileReference; fileEncoding = 4; lastKnownFileType = sourcecode.c.h; path = MenuViewController.h; sourceTree = "<group>"; };
		567409E81B60DD3900638FEF /* MenuViewController.m */ = {isa = PBXFileReference; fileEncoding = 4; lastKnownFileType = sourcecode.c.objc; path = MenuViewController.m; sourceTree = "<group>"; };
		567409E91B60DD3900638FEF /* OverlayViewController.h */ = {isa = PBXFileReference; fileEncoding = 4; lastKnownFileType = sourcecode.c.h; path = OverlayViewController.h; sourceTree = "<group>"; };
		567409EA1B60DD3900638FEF /* OverlayViewController.m */ = {isa = PBXFileReference; fileEncoding = 4; lastKnownFileType = sourcecode.c.objc; path = OverlayViewController.m; sourceTree = "<group>"; };
		567409EE1B60DD5A00638FEF /* MenuButton.h */ = {isa = PBXFileReference; fileEncoding = 4; lastKnownFileType = sourcecode.c.h; path = MenuButton.h; sourceTree = "<group>"; };
		567409EF1B60DD5A00638FEF /* MenuButton.m */ = {isa = PBXFileReference; fileEncoding = 4; lastKnownFileType = sourcecode.c.objc; path = MenuButton.m; sourceTree = "<group>"; };
		567409F11B60EB5700638FEF /* BadgeCounterView.h */ = {isa = PBXFileReference; fileEncoding = 4; lastKnownFileType = sourcecode.c.h; path = BadgeCounterView.h; sourceTree = "<group>"; };
		567409F21B60EB5700638FEF /* BadgeCounterView.m */ = {isa = PBXFileReference; fileEncoding = 4; lastKnownFileType = sourcecode.c.objc; path = BadgeCounterView.m; sourceTree = "<group>"; };
		567409F41B60EC4400638FEF /* Montserrat-Black.otf */ = {isa = PBXFileReference; lastKnownFileType = file; path = "Montserrat-Black.otf"; sourceTree = "<group>"; };
		567409F51B60EC4400638FEF /* Montserrat-Hairline.otf */ = {isa = PBXFileReference; lastKnownFileType = file; path = "Montserrat-Hairline.otf"; sourceTree = "<group>"; };
		567409F61B60EC4400638FEF /* Montserrat-Light.otf */ = {isa = PBXFileReference; lastKnownFileType = file; path = "Montserrat-Light.otf"; sourceTree = "<group>"; };
		567409FA1B60ED4700638FEF /* InfoViewController.h */ = {isa = PBXFileReference; fileEncoding = 4; lastKnownFileType = sourcecode.c.h; path = InfoViewController.h; sourceTree = "<group>"; };
		567409FB1B60ED4700638FEF /* InfoViewController.m */ = {isa = PBXFileReference; fileEncoding = 4; lastKnownFileType = sourcecode.c.objc; path = InfoViewController.m; sourceTree = "<group>"; };
		567409FC1B60ED4700638FEF /* WhatWeDoViewController.h */ = {isa = PBXFileReference; fileEncoding = 4; lastKnownFileType = sourcecode.c.h; path = WhatWeDoViewController.h; sourceTree = "<group>"; };
		567409FD1B60ED4700638FEF /* WhatWeDoViewController.m */ = {isa = PBXFileReference; fileEncoding = 4; lastKnownFileType = sourcecode.c.objc; path = WhatWeDoViewController.m; sourceTree = "<group>"; };
		56740A011B60ED8B00638FEF /* BaseGradientViewController.h */ = {isa = PBXFileReference; fileEncoding = 4; lastKnownFileType = sourcecode.c.h; path = BaseGradientViewController.h; sourceTree = "<group>"; };
		56740A021B60ED8B00638FEF /* BaseGradientViewController.m */ = {isa = PBXFileReference; fileEncoding = 4; lastKnownFileType = sourcecode.c.objc; path = BaseGradientViewController.m; sourceTree = "<group>"; };
		56740A041B60EE0900638FEF /* BaseTableViewCell.h */ = {isa = PBXFileReference; fileEncoding = 4; lastKnownFileType = sourcecode.c.h; path = BaseTableViewCell.h; sourceTree = "<group>"; };
		56740A051B60EE0900638FEF /* BaseTableViewCell.m */ = {isa = PBXFileReference; fileEncoding = 4; lastKnownFileType = sourcecode.c.objc; path = BaseTableViewCell.m; sourceTree = "<group>"; };
		56740A071B60EE2700638FEF /* GeneralSettings.h */ = {isa = PBXFileReference; fileEncoding = 4; lastKnownFileType = sourcecode.c.h; path = GeneralSettings.h; sourceTree = "<group>"; };
		56740A081B60EE2700638FEF /* GeneralSettings.m */ = {isa = PBXFileReference; fileEncoding = 4; lastKnownFileType = sourcecode.c.objc; path = GeneralSettings.m; sourceTree = "<group>"; };
		56740A0A1B60EE3900638FEF /* StoreKit.framework */ = {isa = PBXFileReference; lastKnownFileType = wrapper.framework; name = StoreKit.framework; path = System/Library/Frameworks/StoreKit.framework; sourceTree = SDKROOT; };
		56740A0C1B60EE4200638FEF /* CoreData.framework */ = {isa = PBXFileReference; lastKnownFileType = wrapper.framework; name = CoreData.framework; path = System/Library/Frameworks/CoreData.framework; sourceTree = SDKROOT; };
		56740A0D1B60EE4200638FEF /* CoreLocation.framework */ = {isa = PBXFileReference; lastKnownFileType = wrapper.framework; name = CoreLocation.framework; path = System/Library/Frameworks/CoreLocation.framework; sourceTree = SDKROOT; };
		56740A111B60EFEA00638FEF /* MenuTransitionManager.h */ = {isa = PBXFileReference; fileEncoding = 4; lastKnownFileType = sourcecode.c.h; path = MenuTransitionManager.h; sourceTree = "<group>"; };
		56740A121B60EFEA00638FEF /* MenuTransitionManager.m */ = {isa = PBXFileReference; fileEncoding = 4; lastKnownFileType = sourcecode.c.objc; path = MenuTransitionManager.m; sourceTree = "<group>"; };
		56740A151B60F07B00638FEF /* CoreDataHandler.h */ = {isa = PBXFileReference; fileEncoding = 4; lastKnownFileType = sourcecode.c.h; path = CoreDataHandler.h; sourceTree = "<group>"; };
		56740A161B60F07B00638FEF /* CoreDataHandler.m */ = {isa = PBXFileReference; fileEncoding = 4; lastKnownFileType = sourcecode.c.objc; path = CoreDataHandler.m; sourceTree = "<group>"; };
		56740A181B60F0CA00638FEF /* ConcertsViewController.h */ = {isa = PBXFileReference; fileEncoding = 4; lastKnownFileType = sourcecode.c.h; path = ConcertsViewController.h; sourceTree = "<group>"; };
		56740A191B60F0CA00638FEF /* ConcertsViewController.m */ = {isa = PBXFileReference; fileEncoding = 4; lastKnownFileType = sourcecode.c.objc; path = ConcertsViewController.m; sourceTree = "<group>"; };
		56740A1B1B60F12700638FEF /* MainContainerViewController.h */ = {isa = PBXFileReference; fileEncoding = 4; lastKnownFileType = sourcecode.c.h; path = MainContainerViewController.h; sourceTree = "<group>"; };
		56740A1C1B60F12700638FEF /* MainContainerViewController.m */ = {isa = PBXFileReference; fileEncoding = 4; lastKnownFileType = sourcecode.c.objc; path = MainContainerViewController.m; sourceTree = "<group>"; };
		56740A1E1B60F17C00638FEF /* FestivalTransitionManager.h */ = {isa = PBXFileReference; fileEncoding = 4; lastKnownFileType = sourcecode.c.h; path = FestivalTransitionManager.h; sourceTree = "<group>"; };
		56740A1F1B60F17C00638FEF /* FestivalTransitionManager.m */ = {isa = PBXFileReference; fileEncoding = 4; lastKnownFileType = sourcecode.c.objc; path = FestivalTransitionManager.m; sourceTree = "<group>"; };
		56740A201B60F17C00638FEF /* FestivalTransitionAnimator.h */ = {isa = PBXFileReference; fileEncoding = 4; lastKnownFileType = sourcecode.c.h; path = FestivalTransitionAnimator.h; sourceTree = "<group>"; };
		56740A211B60F17C00638FEF /* FestivalTransitionAnimator.m */ = {isa = PBXFileReference; fileEncoding = 4; lastKnownFileType = sourcecode.c.objc; path = FestivalTransitionAnimator.m; sourceTree = "<group>"; };
		56740A241B61230500638FEF /* ProfilViewController.h */ = {isa = PBXFileReference; fileEncoding = 4; lastKnownFileType = sourcecode.c.h; path = ProfilViewController.h; sourceTree = "<group>"; };
		56740A251B61230500638FEF /* ProfilViewController.m */ = {isa = PBXFileReference; fileEncoding = 4; lastKnownFileType = sourcecode.c.objc; path = ProfilViewController.m; sourceTree = "<group>"; };
		56740A271B61232900638FEF /* BandsViewController.h */ = {isa = PBXFileReference; fileEncoding = 4; lastKnownFileType = sourcecode.c.h; path = BandsViewController.h; sourceTree = "<group>"; };
		56740A281B61232900638FEF /* BandsViewController.m */ = {isa = PBXFileReference; fileEncoding = 4; lastKnownFileType = sourcecode.c.objc; path = BandsViewController.m; sourceTree = "<group>"; };
		56740A2A1B61234800638FEF /* CalendarViewController.h */ = {isa = PBXFileReference; fileEncoding = 4; lastKnownFileType = sourcecode.c.h; path = CalendarViewController.h; sourceTree = "<group>"; };
		56740A2B1B61234800638FEF /* CalendarViewController.m */ = {isa = PBXFileReference; fileEncoding = 4; lastKnownFileType = sourcecode.c.objc; path = CalendarViewController.m; sourceTree = "<group>"; };
		5684B1BC1B6612C5009EF346 /* LoadingTableView.h */ = {isa = PBXFileReference; fileEncoding = 4; lastKnownFileType = sourcecode.c.h; path = LoadingTableView.h; sourceTree = "<group>"; };
		5684B1BD1B6612C5009EF346 /* LoadingTableView.m */ = {isa = PBXFileReference; fileEncoding = 4; lastKnownFileType = sourcecode.c.objc; path = LoadingTableView.m; sourceTree = "<group>"; };
		5684B1BF1B6612D8009EF346 /* SearchEmptyView.h */ = {isa = PBXFileReference; fileEncoding = 4; lastKnownFileType = sourcecode.c.h; path = SearchEmptyView.h; sourceTree = "<group>"; };
		5684B1C01B6612D8009EF346 /* SearchEmptyView.m */ = {isa = PBXFileReference; fileEncoding = 4; lastKnownFileType = sourcecode.c.objc; path = SearchEmptyView.m; sourceTree = "<group>"; };
		5684B1C11B6612D8009EF346 /* SearchEmptyView.xib */ = {isa = PBXFileReference; fileEncoding = 4; lastKnownFileType = file.xib; path = SearchEmptyView.xib; sourceTree = "<group>"; };
		5684B1C41B6619BD009EF346 /* TicketShopDetailViewController.h */ = {isa = PBXFileReference; fileEncoding = 4; lastKnownFileType = sourcecode.c.h; path = TicketShopDetailViewController.h; sourceTree = "<group>"; };
		5684B1C51B6619BD009EF346 /* TicketShopDetailViewController.m */ = {isa = PBXFileReference; fileEncoding = 4; lastKnownFileType = sourcecode.c.objc; path = TicketShopDetailViewController.m; sourceTree = "<group>"; };
		5684B1C71B6619EC009EF346 /* TicketShopTableViewCell.h */ = {isa = PBXFileReference; fileEncoding = 4; lastKnownFileType = sourcecode.c.h; path = TicketShopTableViewCell.h; sourceTree = "<group>"; };
		5684B1C81B6619EC009EF346 /* TicketShopTableViewCell.m */ = {isa = PBXFileReference; fileEncoding = 4; lastKnownFileType = sourcecode.c.objc; path = TicketShopTableViewCell.m; sourceTree = "<group>"; };
		5684B1CA1B661B0E009EF346 /* UITextField+Helper.h */ = {isa = PBXFileReference; fileEncoding = 4; lastKnownFileType = sourcecode.c.h; path = "UITextField+Helper.h"; sourceTree = "<group>"; };
		5684B1CB1B661B0E009EF346 /* UITextField+Helper.m */ = {isa = PBXFileReference; fileEncoding = 4; lastKnownFileType = sourcecode.c.objc; path = "UITextField+Helper.m"; sourceTree = "<group>"; };
		5684B1CD1B661DB3009EF346 /* TicketShopperClient.h */ = {isa = PBXFileReference; fileEncoding = 4; lastKnownFileType = sourcecode.c.h; path = TicketShopperClient.h; sourceTree = "<group>"; };
		5684B1CE1B661DB3009EF346 /* TicketShopperClient.m */ = {isa = PBXFileReference; fileEncoding = 4; lastKnownFileType = sourcecode.c.objc; path = TicketShopperClient.m; sourceTree = "<group>"; };
		5684B1D01B661DCB009EF346 /* ConcertModel.h */ = {isa = PBXFileReference; fileEncoding = 4; lastKnownFileType = sourcecode.c.h; path = ConcertModel.h; sourceTree = "<group>"; };
		5684B1D11B661DCB009EF346 /* ConcertModel.m */ = {isa = PBXFileReference; fileEncoding = 4; lastKnownFileType = sourcecode.c.objc; path = ConcertModel.m; sourceTree = "<group>"; };
		5684B1D31B662135009EF346 /* ConcertRefreshControl.h */ = {isa = PBXFileReference; fileEncoding = 4; lastKnownFileType = sourcecode.c.h; path = ConcertRefreshControl.h; sourceTree = "<group>"; };
		5684B1D41B662135009EF346 /* ConcertRefreshControl.m */ = {isa = PBXFileReference; fileEncoding = 4; lastKnownFileType = sourcecode.c.objc; path = ConcertRefreshControl.m; sourceTree = "<group>"; };
		5684B1D61B66220F009EF346 /* TutorialPopupView.h */ = {isa = PBXFileReference; fileEncoding = 4; lastKnownFileType = sourcecode.c.h; path = TutorialPopupView.h; sourceTree = "<group>"; };
		5684B1D71B66220F009EF346 /* TutorialPopupView.m */ = {isa = PBXFileReference; fileEncoding = 4; lastKnownFileType = sourcecode.c.objc; path = TutorialPopupView.m; sourceTree = "<group>"; };
		5684B1D81B66220F009EF346 /* TutorialPopupView.xib */ = {isa = PBXFileReference; fileEncoding = 4; lastKnownFileType = file.xib; path = TutorialPopupView.xib; sourceTree = "<group>"; };
		5684B1DB1B6649E7009EF346 /* NSDictionary+nonNullObjectForKey.h */ = {isa = PBXFileReference; fileEncoding = 4; lastKnownFileType = sourcecode.c.h; path = "NSDictionary+nonNullObjectForKey.h"; sourceTree = "<group>"; };
		5684B1DC1B6649E7009EF346 /* NSDictionary+nonNullObjectForKey.m */ = {isa = PBXFileReference; fileEncoding = 4; lastKnownFileType = sourcecode.c.objc; path = "NSDictionary+nonNullObjectForKey.m"; sourceTree = "<group>"; };
		5684B1DE1B664B7C009EF346 /* ConcertDownloadClient.h */ = {isa = PBXFileReference; fileEncoding = 4; lastKnownFileType = sourcecode.c.h; path = ConcertDownloadClient.h; sourceTree = "<group>"; };
		5684B1DF1B664B7C009EF346 /* ConcertDownloadClient.m */ = {isa = PBXFileReference; fileEncoding = 4; lastKnownFileType = sourcecode.c.objc; path = ConcertDownloadClient.m; sourceTree = "<group>"; };
		569513811B5D1F42008A649B /* SoundLove.app */ = {isa = PBXFileReference; explicitFileType = wrapper.application; includeInIndex = 0; path = SoundLove.app; sourceTree = BUILT_PRODUCTS_DIR; };
		569513851B5D1F42008A649B /* Info.plist */ = {isa = PBXFileReference; lastKnownFileType = text.plist.xml; path = Info.plist; sourceTree = "<group>"; };
		569513861B5D1F42008A649B /* main.m */ = {isa = PBXFileReference; lastKnownFileType = sourcecode.c.objc; path = main.m; sourceTree = "<group>"; };
		569513881B5D1F42008A649B /* AppDelegate.h */ = {isa = PBXFileReference; lastKnownFileType = sourcecode.c.h; path = AppDelegate.h; sourceTree = "<group>"; };
		569513891B5D1F42008A649B /* AppDelegate.m */ = {isa = PBXFileReference; lastKnownFileType = sourcecode.c.objc; path = AppDelegate.m; sourceTree = "<group>"; };
		5695138F1B5D1F42008A649B /* Base */ = {isa = PBXFileReference; lastKnownFileType = file.storyboard; name = Base; path = Base.lproj/Main.storyboard; sourceTree = "<group>"; };
		569513911B5D1F42008A649B /* Images.xcassets */ = {isa = PBXFileReference; lastKnownFileType = folder.assetcatalog; path = Images.xcassets; sourceTree = "<group>"; };
		5695139A1B5D1F43008A649B /* SoundLoveTests.xctest */ = {isa = PBXFileReference; explicitFileType = wrapper.cfbundle; includeInIndex = 0; path = SoundLoveTests.xctest; sourceTree = BUILT_PRODUCTS_DIR; };
		5695139F1B5D1F43008A649B /* Info.plist */ = {isa = PBXFileReference; lastKnownFileType = text.plist.xml; path = Info.plist; sourceTree = "<group>"; };
		569513A01B5D1F43008A649B /* SoundLoveTests.m */ = {isa = PBXFileReference; lastKnownFileType = sourcecode.c.objc; path = SoundLoveTests.m; sourceTree = "<group>"; };
		56D395D11B5F806B000DC427 /* RoundedButton.h */ = {isa = PBXFileReference; fileEncoding = 4; lastKnownFileType = sourcecode.c.h; path = RoundedButton.h; sourceTree = "<group>"; };
		56D395D21B5F806B000DC427 /* RoundedButton.m */ = {isa = PBXFileReference; fileEncoding = 4; lastKnownFileType = sourcecode.c.objc; path = RoundedButton.m; sourceTree = "<group>"; };
		56D395D51B5F8133000DC427 /* UIColor+GlobalColors.h */ = {isa = PBXFileReference; fileEncoding = 4; lastKnownFileType = sourcecode.c.h; path = "UIColor+GlobalColors.h"; sourceTree = "<group>"; };
		56D395D61B5F8133000DC427 /* UIColor+GlobalColors.m */ = {isa = PBXFileReference; fileEncoding = 4; lastKnownFileType = sourcecode.c.objc; path = "UIColor+GlobalColors.m"; sourceTree = "<group>"; };
		56D395D91B5F8928000DC427 /* OverlayTransitionManager.h */ = {isa = PBXFileReference; fileEncoding = 4; lastKnownFileType = sourcecode.c.h; path = OverlayTransitionManager.h; sourceTree = "<group>"; };
		56D395DA1B5F8928000DC427 /* OverlayTransitionManager.m */ = {isa = PBXFileReference; fileEncoding = 4; lastKnownFileType = sourcecode.c.objc; path = OverlayTransitionManager.m; sourceTree = "<group>"; };
		56D395DC1B5F8988000DC427 /* OverlayTransitionAnimator.h */ = {isa = PBXFileReference; fileEncoding = 4; lastKnownFileType = sourcecode.c.h; path = OverlayTransitionAnimator.h; sourceTree = "<group>"; };
		56D395DD1B5F8988000DC427 /* OverlayTransitionAnimator.m */ = {isa = PBXFileReference; fileEncoding = 4; lastKnownFileType = sourcecode.c.objc; path = OverlayTransitionAnimator.m; sourceTree = "<group>"; };
		56D395E01B5F8C11000DC427 /* Reachability.h */ = {isa = PBXFileReference; fileEncoding = 4; lastKnownFileType = sourcecode.c.h; path = Reachability.h; sourceTree = "<group>"; };
		56D395E11B5F8C11000DC427 /* Reachability.m */ = {isa = PBXFileReference; fileEncoding = 4; lastKnownFileType = sourcecode.c.objc; path = Reachability.m; sourceTree = "<group>"; };
		56D395E21B5F8C11000DC427 /* UIImage+ImageEffects.h */ = {isa = PBXFileReference; fileEncoding = 4; lastKnownFileType = sourcecode.c.h; path = "UIImage+ImageEffects.h"; sourceTree = "<group>"; };
		56D395E31B5F8C11000DC427 /* UIImage+ImageEffects.m */ = {isa = PBXFileReference; fileEncoding = 4; lastKnownFileType = sourcecode.c.objc; path = "UIImage+ImageEffects.m"; sourceTree = "<group>"; };
/* End PBXFileReference section */

/* Begin PBXFrameworksBuildPhase section */
		5695137E1B5D1F42008A649B /* Frameworks */ = {
			isa = PBXFrameworksBuildPhase;
			buildActionMask = 2147483647;
			files = (
				56740A0E1B60EE4200638FEF /* CoreData.framework in Frameworks */,
				56740A0F1B60EE4200638FEF /* CoreLocation.framework in Frameworks */,
				56740A0B1B60EE3900638FEF /* StoreKit.framework in Frameworks */,
			);
			runOnlyForDeploymentPostprocessing = 0;
		};
		569513971B5D1F43008A649B /* Frameworks */ = {
			isa = PBXFrameworksBuildPhase;
			buildActionMask = 2147483647;
			files = (
			);
			runOnlyForDeploymentPostprocessing = 0;
		};
/* End PBXFrameworksBuildPhase section */

/* Begin PBXGroup section */
		5658BA961B63F7E3004F08BB /* Fonts */ = {
			isa = PBXGroup;
			children = (
				567409DE1B60DC1C00638FEF /* Montserrat-Bold.ttf */,
				567409E01B60DC2100638FEF /* Montserrat-Regular.ttf */,
				567409F41B60EC4400638FEF /* Montserrat-Black.otf */,
				567409F51B60EC4400638FEF /* Montserrat-Hairline.otf */,
				567409F61B60EC4400638FEF /* Montserrat-Light.otf */,
			);
			name = Fonts;
			sourceTree = "<group>";
		};
		5658BA9D1B640612004F08BB /* TableViewCells */ = {
			isa = PBXGroup;
			children = (
				5658BA9E1B64062C004F08BB /* ConcertsTableViewCell.h */,
				5658BA9F1B64062C004F08BB /* ConcertsTableViewCell.m */,
				5658BAA11B640862004F08BB /* CalendarButton.h */,
				5658BAA21B640862004F08BB /* CalendarButton.m */,
				56740A041B60EE0900638FEF /* BaseTableViewCell.h */,
				56740A051B60EE0900638FEF /* BaseTableViewCell.m */,
				5684B1C71B6619EC009EF346 /* TicketShopTableViewCell.h */,
				5684B1C81B6619EC009EF346 /* TicketShopTableViewCell.m */,
			);
			name = TableViewCells;
			sourceTree = "<group>";
		};
		5658BAA41B640D67004F08BB /* networking */ = {
			isa = PBXGroup;
			children = (
				5658BAA51B640D6F004F08BB /* NetworkConstants.h */,
				5658BAA61B640D77004F08BB /* AbstractClient.h */,
				5658BAA71B640D77004F08BB /* AbstractClient.m */,
				5684B1DE1B664B7C009EF346 /* ConcertDownloadClient.h */,
				5684B1DF1B664B7C009EF346 /* ConcertDownloadClient.m */,
				5684B1CD1B661DB3009EF346 /* TicketShopperClient.h */,
				5684B1CE1B661DB3009EF346 /* TicketShopperClient.m */,
			);
			path = networking;
			sourceTree = "<group>";
		};
		56740A001B60ED4B00638FEF /* Info views */ = {
			isa = PBXGroup;
			children = (
				567409FA1B60ED4700638FEF /* InfoViewController.h */,
				567409FB1B60ED4700638FEF /* InfoViewController.m */,
				567409FC1B60ED4700638FEF /* WhatWeDoViewController.h */,
				567409FD1B60ED4700638FEF /* WhatWeDoViewController.m */,
			);
			name = "Info views";
			sourceTree = "<group>";
		};
		56740A101B60EE4600638FEF /* Frameworks */ = {
			isa = PBXGroup;
			children = (
				56740A0C1B60EE4200638FEF /* CoreData.framework */,
				56740A0D1B60EE4200638FEF /* CoreLocation.framework */,
				56740A0A1B60EE3900638FEF /* StoreKit.framework */,
			);
			name = Frameworks;
			sourceTree = "<group>";
		};
		56740A141B60F06C00638FEF /* Core Data */ = {
			isa = PBXGroup;
			children = (
				56740A151B60F07B00638FEF /* CoreDataHandler.h */,
				56740A161B60F07B00638FEF /* CoreDataHandler.m */,
			);
			name = "Core Data";
			sourceTree = "<group>";
		};
		569513781B5D1F42008A649B = {
			isa = PBXGroup;
			children = (
				569513831B5D1F42008A649B /* SoundLove */,
				5695139D1B5D1F43008A649B /* SoundLoveTests */,
				56740A101B60EE4600638FEF /* Frameworks */,
				569513821B5D1F42008A649B /* Products */,
			);
			sourceTree = "<group>";
		};
		569513821B5D1F42008A649B /* Products */ = {
			isa = PBXGroup;
			children = (
				569513811B5D1F42008A649B /* SoundLove.app */,
				5695139A1B5D1F43008A649B /* SoundLoveTests.xctest */,
			);
			name = Products;
			sourceTree = "<group>";
		};
		569513831B5D1F42008A649B /* SoundLove */ = {
			isa = PBXGroup;
			children = (
				569513881B5D1F42008A649B /* AppDelegate.h */,
				569513891B5D1F42008A649B /* AppDelegate.m */,
				569513AB1B5D2057008A649B /* Storyboards */,
				56D395D41B5F8117000DC427 /* custom objects */,
				56D395D01B5F7FBF000DC427 /* Custom views */,
				569513AA1B5D2048008A649B /* viewControllers */,
				569513841B5D1F42008A649B /* Supporting Files */,
			);
			path = SoundLove;
			sourceTree = "<group>";
		};
		569513841B5D1F42008A649B /* Supporting Files */ = {
			isa = PBXGroup;
			children = (
				56D395DF1B5F8C00000DC427 /* Third party */,
				569513911B5D1F42008A649B /* Images.xcassets */,
				5658BA961B63F7E3004F08BB /* Fonts */,
				569513851B5D1F42008A649B /* Info.plist */,
				569513861B5D1F42008A649B /* main.m */,
			);
			name = "Supporting Files";
			sourceTree = "<group>";
		};
		5695139D1B5D1F43008A649B /* SoundLoveTests */ = {
			isa = PBXGroup;
			children = (
				569513A01B5D1F43008A649B /* SoundLoveTests.m */,
				5695139E1B5D1F43008A649B /* Supporting Files */,
			);
			path = SoundLoveTests;
			sourceTree = "<group>";
		};
		5695139E1B5D1F43008A649B /* Supporting Files */ = {
			isa = PBXGroup;
			children = (
				5695139F1B5D1F43008A649B /* Info.plist */,
			);
			name = "Supporting Files";
			sourceTree = "<group>";
		};
		569513AA1B5D2048008A649B /* viewControllers */ = {
			isa = PBXGroup;
			children = (
				56740A011B60ED8B00638FEF /* BaseGradientViewController.h */,
				56740A021B60ED8B00638FEF /* BaseGradientViewController.m */,
				56740A1B1B60F12700638FEF /* MainContainerViewController.h */,
				56740A1C1B60F12700638FEF /* MainContainerViewController.m */,
				567409E71B60DD3900638FEF /* MenuViewController.h */,
				567409E81B60DD3900638FEF /* MenuViewController.m */,
				5684B1C41B6619BD009EF346 /* TicketShopDetailViewController.h */,
				5684B1C51B6619BD009EF346 /* TicketShopDetailViewController.m */,
				56740A181B60F0CA00638FEF /* ConcertsViewController.h */,
				56740A191B60F0CA00638FEF /* ConcertsViewController.m */,
				567409E51B60DD3900638FEF /* FavoriteConcertViewController.h */,
				567409E61B60DD3900638FEF /* FavoriteConcertViewController.m */,
				56740A2A1B61234800638FEF /* CalendarViewController.h */,
				56740A2B1B61234800638FEF /* CalendarViewController.m */,
				56740A271B61232900638FEF /* BandsViewController.h */,
				56740A281B61232900638FEF /* BandsViewController.m */,
				56740A241B61230500638FEF /* ProfilViewController.h */,
				56740A251B61230500638FEF /* ProfilViewController.m */,
				567409E91B60DD3900638FEF /* OverlayViewController.h */,
				567409EA1B60DD3900638FEF /* OverlayViewController.m */,
				56740A001B60ED4B00638FEF /* Info views */,
			);
			name = viewControllers;
			path = viewcontrollers;
			sourceTree = "<group>";
		};
		569513AB1B5D2057008A649B /* Storyboards */ = {
			isa = PBXGroup;
			children = (
				5695138E1B5D1F42008A649B /* Main.storyboard */,
				567409DB1B60DAEC00638FEF /* StoryboardManager.h */,
				567409DC1B60DAEC00638FEF /* StoryboardManager.m */,
			);
			name = Storyboards;
			sourceTree = "<group>";
		};
		56D395D01B5F7FBF000DC427 /* Custom views */ = {
			isa = PBXGroup;
			children = (
				5658BA9D1B640612004F08BB /* TableViewCells */,
				567409F11B60EB5700638FEF /* BadgeCounterView.h */,
				567409F21B60EB5700638FEF /* BadgeCounterView.m */,
				5684B1D31B662135009EF346 /* ConcertRefreshControl.h */,
				5684B1D41B662135009EF346 /* ConcertRefreshControl.m */,
				5684B1BC1B6612C5009EF346 /* LoadingTableView.h */,
				5684B1BD1B6612C5009EF346 /* LoadingTableView.m */,
				567409EE1B60DD5A00638FEF /* MenuButton.h */,
				567409EF1B60DD5A00638FEF /* MenuButton.m */,
				56D395D11B5F806B000DC427 /* RoundedButton.h */,
				56D395D21B5F806B000DC427 /* RoundedButton.m */,
				5658BA911B63F757004F08BB /* SearchNavigationView.h */,
				5658BA921B63F757004F08BB /* SearchNavigationView.m */,
				5658BA931B63F757004F08BB /* SearchNavigationView.xib */,
				5684B1BF1B6612D8009EF346 /* SearchEmptyView.h */,
				5684B1C01B6612D8009EF346 /* SearchEmptyView.m */,
				5684B1C11B6612D8009EF346 /* SearchEmptyView.xib */,
				5658BA971B63FA35004F08BB /* CustomNavigationView.h */,
				5658BA981B63FA35004F08BB /* CustomNavigationView.m */,
				5658BA9A1B63FE72004F08BB /* TabbingButton.h */,
				5658BA9B1B63FE72004F08BB /* TabbingButton.m */,
				5684B1D61B66220F009EF346 /* TutorialPopupView.h */,
				5684B1D71B66220F009EF346 /* TutorialPopupView.m */,
				5684B1D81B66220F009EF346 /* TutorialPopupView.xib */,
			);
			name = "Custom views";
			path = "custom views";
			sourceTree = "<group>";
		};
		56D395D41B5F8117000DC427 /* custom objects */ = {
			isa = PBXGroup;
			children = (
				5684B1D01B661DCB009EF346 /* ConcertModel.h */,
				5684B1D11B661DCB009EF346 /* ConcertModel.m */,
				5658BAA41B640D67004F08BB /* networking */,
				56740A071B60EE2700638FEF /* GeneralSettings.h */,
				56740A081B60EE2700638FEF /* GeneralSettings.m */,
				56D395D51B5F8133000DC427 /* UIColor+GlobalColors.h */,
				56D395D61B5F8133000DC427 /* UIColor+GlobalColors.m */,
				5684B1CA1B661B0E009EF346 /* UITextField+Helper.h */,
				5684B1CB1B661B0E009EF346 /* UITextField+Helper.m */,
				5684B1DB1B6649E7009EF346 /* NSDictionary+nonNullObjectForKey.h */,
				5684B1DC1B6649E7009EF346 /* NSDictionary+nonNullObjectForKey.m */,
				56740A141B60F06C00638FEF /* Core Data */,
				56D395D81B5F88DF000DC427 /* transitionManagers */,
			);
			path = "custom objects";
			sourceTree = "<group>";
		};
		56D395D81B5F88DF000DC427 /* transitionManagers */ = {
			isa = PBXGroup;
			children = (
				56740A1E1B60F17C00638FEF /* FestivalTransitionManager.h */,
				56740A1F1B60F17C00638FEF /* FestivalTransitionManager.m */,
				56740A201B60F17C00638FEF /* FestivalTransitionAnimator.h */,
				56740A211B60F17C00638FEF /* FestivalTransitionAnimator.m */,
				56740A111B60EFEA00638FEF /* MenuTransitionManager.h */,
				56740A121B60EFEA00638FEF /* MenuTransitionManager.m */,
				56D395D91B5F8928000DC427 /* OverlayTransitionManager.h */,
				56D395DA1B5F8928000DC427 /* OverlayTransitionManager.m */,
				56D395DC1B5F8988000DC427 /* OverlayTransitionAnimator.h */,
				56D395DD1B5F8988000DC427 /* OverlayTransitionAnimator.m */,
			);
			name = transitionManagers;
			sourceTree = "<group>";
		};
		56D395DF1B5F8C00000DC427 /* Third party */ = {
			isa = PBXGroup;
			children = (
				56D395E01B5F8C11000DC427 /* Reachability.h */,
				56D395E11B5F8C11000DC427 /* Reachability.m */,
				56D395E21B5F8C11000DC427 /* UIImage+ImageEffects.h */,
				56D395E31B5F8C11000DC427 /* UIImage+ImageEffects.m */,
			);
			name = "Third party";
			sourceTree = "<group>";
		};
/* End PBXGroup section */

/* Begin PBXNativeTarget section */
		569513801B5D1F42008A649B /* SoundLove */ = {
			isa = PBXNativeTarget;
			buildConfigurationList = 569513A41B5D1F43008A649B /* Build configuration list for PBXNativeTarget "SoundLove" */;
			buildPhases = (
				5695137D1B5D1F42008A649B /* Sources */,
				5695137E1B5D1F42008A649B /* Frameworks */,
				5695137F1B5D1F42008A649B /* Resources */,
			);
			buildRules = (
			);
			dependencies = (
			);
			name = SoundLove;
			productName = SoundLove;
			productReference = 569513811B5D1F42008A649B /* SoundLove.app */;
			productType = "com.apple.product-type.application";
		};
		569513991B5D1F43008A649B /* SoundLoveTests */ = {
			isa = PBXNativeTarget;
			buildConfigurationList = 569513A71B5D1F43008A649B /* Build configuration list for PBXNativeTarget "SoundLoveTests" */;
			buildPhases = (
				569513961B5D1F43008A649B /* Sources */,
				569513971B5D1F43008A649B /* Frameworks */,
				569513981B5D1F43008A649B /* Resources */,
			);
			buildRules = (
			);
			dependencies = (
				5695139C1B5D1F43008A649B /* PBXTargetDependency */,
			);
			name = SoundLoveTests;
			productName = SoundLoveTests;
			productReference = 5695139A1B5D1F43008A649B /* SoundLoveTests.xctest */;
			productType = "com.apple.product-type.bundle.unit-test";
		};
/* End PBXNativeTarget section */

/* Begin PBXProject section */
		569513791B5D1F42008A649B /* Project object */ = {
			isa = PBXProject;
			attributes = {
				LastUpgradeCheck = 0640;
				ORGANIZATIONNAME = Zappdesigntemplates;
				TargetAttributes = {
					569513801B5D1F42008A649B = {
						CreatedOnToolsVersion = 6.4;
					};
					569513991B5D1F43008A649B = {
						CreatedOnToolsVersion = 6.4;
						TestTargetID = 569513801B5D1F42008A649B;
					};
				};
			};
			buildConfigurationList = 5695137C1B5D1F42008A649B /* Build configuration list for PBXProject "SoundLove" */;
			compatibilityVersion = "Xcode 3.2";
			developmentRegion = English;
			hasScannedForEncodings = 0;
			knownRegions = (
				en,
				Base,
			);
			mainGroup = 569513781B5D1F42008A649B;
			productRefGroup = 569513821B5D1F42008A649B /* Products */;
			projectDirPath = "";
			projectRoot = "";
			targets = (
				569513801B5D1F42008A649B /* SoundLove */,
				569513991B5D1F43008A649B /* SoundLoveTests */,
			);
		};
/* End PBXProject section */

/* Begin PBXResourcesBuildPhase section */
		5695137F1B5D1F42008A649B /* Resources */ = {
			isa = PBXResourcesBuildPhase;
			buildActionMask = 2147483647;
			files = (
				567409F81B60EC4400638FEF /* Montserrat-Hairline.otf in Resources */,
				567409E11B60DC2100638FEF /* Montserrat-Regular.ttf in Resources */,
				5658BA951B63F757004F08BB /* SearchNavigationView.xib in Resources */,
				567409F71B60EC4400638FEF /* Montserrat-Black.otf in Resources */,
				5684B1C31B6612D8009EF346 /* SearchEmptyView.xib in Resources */,
				5684B1DA1B66220F009EF346 /* TutorialPopupView.xib in Resources */,
				569513901B5D1F42008A649B /* Main.storyboard in Resources */,
				569513921B5D1F42008A649B /* Images.xcassets in Resources */,
				567409F91B60EC4400638FEF /* Montserrat-Light.otf in Resources */,
				567409DF1B60DC1C00638FEF /* Montserrat-Bold.ttf in Resources */,
			);
			runOnlyForDeploymentPostprocessing = 0;
		};
		569513981B5D1F43008A649B /* Resources */ = {
			isa = PBXResourcesBuildPhase;
			buildActionMask = 2147483647;
			files = (
			);
			runOnlyForDeploymentPostprocessing = 0;
		};
/* End PBXResourcesBuildPhase section */

/* Begin PBXSourcesBuildPhase section */
		5695137D1B5D1F42008A649B /* Sources */ = {
			isa = PBXSourcesBuildPhase;
			buildActionMask = 2147483647;
			files = (
				56740A1D1B60F12700638FEF /* MainContainerViewController.m in Sources */,
				56740A061B60EE0900638FEF /* BaseTableViewCell.m in Sources */,
				5695138A1B5D1F42008A649B /* AppDelegate.m in Sources */,
				567409F31B60EB5700638FEF /* BadgeCounterView.m in Sources */,
				5658BAA81B640D77004F08BB /* AbstractClient.m in Sources */,
				5684B1D91B66220F009EF346 /* TutorialPopupView.m in Sources */,
				56740A261B61230500638FEF /* ProfilViewController.m in Sources */,
				567409DD1B60DAEC00638FEF /* StoryboardManager.m in Sources */,
				56D395DB1B5F8928000DC427 /* OverlayTransitionManager.m in Sources */,
				567409EB1B60DD3900638FEF /* FavoriteConcertViewController.m in Sources */,
				5658BAA31B640862004F08BB /* CalendarButton.m in Sources */,
				567409FF1B60ED4700638FEF /* WhatWeDoViewController.m in Sources */,
				56740A291B61232900638FEF /* BandsViewController.m in Sources */,
				56740A1A1B60F0CA00638FEF /* ConcertsViewController.m in Sources */,
				56D395D71B5F8133000DC427 /* UIColor+GlobalColors.m in Sources */,
				5684B1CC1B661B0E009EF346 /* UITextField+Helper.m in Sources */,
				56D395D31B5F806B000DC427 /* RoundedButton.m in Sources */,
				5658BA941B63F757004F08BB /* SearchNavigationView.m in Sources */,
				56740A131B60EFEA00638FEF /* MenuTransitionManager.m in Sources */,
				5658BA991B63FA35004F08BB /* CustomNavigationView.m in Sources */,
				569513871B5D1F42008A649B /* main.m in Sources */,
				567409FE1B60ED4700638FEF /* InfoViewController.m in Sources */,
				5684B1D51B662135009EF346 /* ConcertRefreshControl.m in Sources */,
				56740A091B60EE2700638FEF /* GeneralSettings.m in Sources */,
				567409ED1B60DD3900638FEF /* OverlayViewController.m in Sources */,
				5658BA9C1B63FE72004F08BB /* TabbingButton.m in Sources */,
				567409F01B60DD5A00638FEF /* MenuButton.m in Sources */,
				5658BAA01B64062C004F08BB /* ConcertsTableViewCell.m in Sources */,
				56D395E51B5F8C11000DC427 /* UIImage+ImageEffects.m in Sources */,
				56740A2C1B61234800638FEF /* CalendarViewController.m in Sources */,
				5684B1C61B6619BD009EF346 /* TicketShopDetailViewController.m in Sources */,
				56740A221B60F17C00638FEF /* FestivalTransitionManager.m in Sources */,
				5684B1C21B6612D8009EF346 /* SearchEmptyView.m in Sources */,
				5684B1E01B664B7C009EF346 /* ConcertDownloadClient.m in Sources */,
				56740A171B60F07B00638FEF /* CoreDataHandler.m in Sources */,
				56D395DE1B5F8988000DC427 /* OverlayTransitionAnimator.m in Sources */,
				567409EC1B60DD3900638FEF /* MenuViewController.m in Sources */,
				5684B1DD1B6649E7009EF346 /* NSDictionary+nonNullObjectForKey.m in Sources */,
				5684B1C91B6619EC009EF346 /* TicketShopTableViewCell.m in Sources */,
				5684B1BE1B6612C5009EF346 /* LoadingTableView.m in Sources */,
				5684B1CF1B661DB3009EF346 /* TicketShopperClient.m in Sources */,
				56D395E41B5F8C11000DC427 /* Reachability.m in Sources */,
				56740A231B60F17C00638FEF /* FestivalTransitionAnimator.m in Sources */,
				56740A031B60ED8B00638FEF /* BaseGradientViewController.m in Sources */,
				5684B1D21B661DCB009EF346 /* ConcertModel.m in Sources */,
			);
			runOnlyForDeploymentPostprocessing = 0;
		};
		569513961B5D1F43008A649B /* Sources */ = {
			isa = PBXSourcesBuildPhase;
			buildActionMask = 2147483647;
			files = (
				569513A11B5D1F43008A649B /* SoundLoveTests.m in Sources */,
			);
			runOnlyForDeploymentPostprocessing = 0;
		};
/* End PBXSourcesBuildPhase section */

/* Begin PBXTargetDependency section */
		5695139C1B5D1F43008A649B /* PBXTargetDependency */ = {
			isa = PBXTargetDependency;
			target = 569513801B5D1F42008A649B /* SoundLove */;
			targetProxy = 5695139B1B5D1F43008A649B /* PBXContainerItemProxy */;
		};
/* End PBXTargetDependency section */

/* Begin PBXVariantGroup section */
		5695138E1B5D1F42008A649B /* Main.storyboard */ = {
			isa = PBXVariantGroup;
			children = (
				5695138F1B5D1F42008A649B /* Base */,
			);
			name = Main.storyboard;
			sourceTree = "<group>";
		};
/* End PBXVariantGroup section */

/* Begin XCBuildConfiguration section */
		569513A21B5D1F43008A649B /* Debug */ = {
			isa = XCBuildConfiguration;
			buildSettings = {
				ALWAYS_SEARCH_USER_PATHS = NO;
				CLANG_CXX_LANGUAGE_STANDARD = "gnu++0x";
				CLANG_CXX_LIBRARY = "libc++";
				CLANG_ENABLE_MODULES = YES;
				CLANG_ENABLE_OBJC_ARC = YES;
				CLANG_WARN_BOOL_CONVERSION = YES;
				CLANG_WARN_CONSTANT_CONVERSION = YES;
				CLANG_WARN_DIRECT_OBJC_ISA_USAGE = YES_ERROR;
				CLANG_WARN_EMPTY_BODY = YES;
				CLANG_WARN_ENUM_CONVERSION = YES;
				CLANG_WARN_INT_CONVERSION = YES;
				CLANG_WARN_OBJC_ROOT_CLASS = YES_ERROR;
				CLANG_WARN_UNREACHABLE_CODE = YES;
				CLANG_WARN__DUPLICATE_METHOD_MATCH = YES;
				"CODE_SIGN_IDENTITY[sdk=iphoneos*]" = "iPhone Developer";
				COPY_PHASE_STRIP = NO;
				DEBUG_INFORMATION_FORMAT = "dwarf-with-dsym";
				ENABLE_STRICT_OBJC_MSGSEND = YES;
				GCC_C_LANGUAGE_STANDARD = gnu99;
				GCC_DYNAMIC_NO_PIC = NO;
				GCC_NO_COMMON_BLOCKS = YES;
				GCC_OPTIMIZATION_LEVEL = 0;
				GCC_PREPROCESSOR_DEFINITIONS = (
					"DEBUG=1",
					"$(inherited)",
				);
				GCC_SYMBOLS_PRIVATE_EXTERN = NO;
				GCC_WARN_64_TO_32_BIT_CONVERSION = YES;
				GCC_WARN_ABOUT_RETURN_TYPE = YES_ERROR;
				GCC_WARN_UNDECLARED_SELECTOR = YES;
				GCC_WARN_UNINITIALIZED_AUTOS = YES_AGGRESSIVE;
				GCC_WARN_UNUSED_FUNCTION = YES;
				GCC_WARN_UNUSED_VARIABLE = YES;
				IPHONEOS_DEPLOYMENT_TARGET = 7.0;
				MTL_ENABLE_DEBUG_INFO = YES;
				ONLY_ACTIVE_ARCH = YES;
				SDKROOT = iphoneos;
			};
			name = Debug;
		};
		569513A31B5D1F43008A649B /* Release */ = {
			isa = XCBuildConfiguration;
			buildSettings = {
				ALWAYS_SEARCH_USER_PATHS = NO;
				CLANG_CXX_LANGUAGE_STANDARD = "gnu++0x";
				CLANG_CXX_LIBRARY = "libc++";
				CLANG_ENABLE_MODULES = YES;
				CLANG_ENABLE_OBJC_ARC = YES;
				CLANG_WARN_BOOL_CONVERSION = YES;
				CLANG_WARN_CONSTANT_CONVERSION = YES;
				CLANG_WARN_DIRECT_OBJC_ISA_USAGE = YES_ERROR;
				CLANG_WARN_EMPTY_BODY = YES;
				CLANG_WARN_ENUM_CONVERSION = YES;
				CLANG_WARN_INT_CONVERSION = YES;
				CLANG_WARN_OBJC_ROOT_CLASS = YES_ERROR;
				CLANG_WARN_UNREACHABLE_CODE = YES;
				CLANG_WARN__DUPLICATE_METHOD_MATCH = YES;
				"CODE_SIGN_IDENTITY[sdk=iphoneos*]" = "iPhone Developer";
				COPY_PHASE_STRIP = NO;
				DEBUG_INFORMATION_FORMAT = "dwarf-with-dsym";
				ENABLE_NS_ASSERTIONS = NO;
				ENABLE_STRICT_OBJC_MSGSEND = YES;
				GCC_C_LANGUAGE_STANDARD = gnu99;
				GCC_NO_COMMON_BLOCKS = YES;
				GCC_WARN_64_TO_32_BIT_CONVERSION = YES;
				GCC_WARN_ABOUT_RETURN_TYPE = YES_ERROR;
				GCC_WARN_UNDECLARED_SELECTOR = YES;
				GCC_WARN_UNINITIALIZED_AUTOS = YES_AGGRESSIVE;
				GCC_WARN_UNUSED_FUNCTION = YES;
				GCC_WARN_UNUSED_VARIABLE = YES;
				IPHONEOS_DEPLOYMENT_TARGET = 7.0;
				MTL_ENABLE_DEBUG_INFO = NO;
				SDKROOT = iphoneos;
				VALIDATE_PRODUCT = YES;
			};
			name = Release;
		};
		569513A51B5D1F43008A649B /* Debug */ = {
			isa = XCBuildConfiguration;
			buildSettings = {
				ASSETCATALOG_COMPILER_APPICON_NAME = AppIcon;
				ASSETCATALOG_COMPILER_LAUNCHIMAGE_NAME = LaunchImage;
				INFOPLIST_FILE = SoundLove/Info.plist;
				IPHONEOS_DEPLOYMENT_TARGET = 7.0;
				LD_RUNPATH_SEARCH_PATHS = "$(inherited) @executable_path/Frameworks";
				PRODUCT_NAME = "$(TARGET_NAME)";
			};
			name = Debug;
		};
		569513A61B5D1F43008A649B /* Release */ = {
			isa = XCBuildConfiguration;
			buildSettings = {
				ASSETCATALOG_COMPILER_APPICON_NAME = AppIcon;
				ASSETCATALOG_COMPILER_LAUNCHIMAGE_NAME = LaunchImage;
				INFOPLIST_FILE = SoundLove/Info.plist;
				IPHONEOS_DEPLOYMENT_TARGET = 7.0;
				LD_RUNPATH_SEARCH_PATHS = "$(inherited) @executable_path/Frameworks";
				PRODUCT_NAME = "$(TARGET_NAME)";
			};
			name = Release;
		};
		569513A81B5D1F43008A649B /* Debug */ = {
			isa = XCBuildConfiguration;
			buildSettings = {
				BUNDLE_LOADER = "$(TEST_HOST)";
				FRAMEWORK_SEARCH_PATHS = (
					"$(SDKROOT)/Developer/Library/Frameworks",
					"$(inherited)",
				);
				GCC_PREPROCESSOR_DEFINITIONS = (
					"DEBUG=1",
					"$(inherited)",
				);
				INFOPLIST_FILE = SoundLoveTests/Info.plist;
				LD_RUNPATH_SEARCH_PATHS = "$(inherited) @executable_path/Frameworks @loader_path/Frameworks";
				PRODUCT_NAME = "$(TARGET_NAME)";
				TEST_HOST = "$(BUILT_PRODUCTS_DIR)/SoundLove.app/SoundLove";
			};
			name = Debug;
		};
		569513A91B5D1F43008A649B /* Release */ = {
			isa = XCBuildConfiguration;
			buildSettings = {
				BUNDLE_LOADER = "$(TEST_HOST)";
				FRAMEWORK_SEARCH_PATHS = (
					"$(SDKROOT)/Developer/Library/Frameworks",
					"$(inherited)",
				);
				INFOPLIST_FILE = SoundLoveTests/Info.plist;
				LD_RUNPATH_SEARCH_PATHS = "$(inherited) @executable_path/Frameworks @loader_path/Frameworks";
				PRODUCT_NAME = "$(TARGET_NAME)";
				TEST_HOST = "$(BUILT_PRODUCTS_DIR)/SoundLove.app/SoundLove";
			};
			name = Release;
		};
/* End XCBuildConfiguration section */

/* Begin XCConfigurationList section */
		5695137C1B5D1F42008A649B /* Build configuration list for PBXProject "SoundLove" */ = {
			isa = XCConfigurationList;
			buildConfigurations = (
				569513A21B5D1F43008A649B /* Debug */,
				569513A31B5D1F43008A649B /* Release */,
			);
			defaultConfigurationIsVisible = 0;
			defaultConfigurationName = Release;
		};
		569513A41B5D1F43008A649B /* Build configuration list for PBXNativeTarget "SoundLove" */ = {
			isa = XCConfigurationList;
			buildConfigurations = (
				569513A51B5D1F43008A649B /* Debug */,
				569513A61B5D1F43008A649B /* Release */,
			);
			defaultConfigurationIsVisible = 0;
			defaultConfigurationName = Release;
		};
		569513A71B5D1F43008A649B /* Build configuration list for PBXNativeTarget "SoundLoveTests" */ = {
			isa = XCConfigurationList;
			buildConfigurations = (
				569513A81B5D1F43008A649B /* Debug */,
				569513A91B5D1F43008A649B /* Release */,
			);
			defaultConfigurationIsVisible = 0;
			defaultConfigurationName = Release;
		};
/* End XCConfigurationList section */
	};
	rootObject = 569513791B5D1F42008A649B /* Project object */;
}
